<?xml version="1.0" encoding="utf-8"?>
<Project ToolsVersion="4.0" xmlns="http://schemas.microsoft.com/developer/msbuild/2003">
  <ItemGroup>
    <Filter Include="Source Files">
      <UniqueIdentifier>{4FC737F1-C7A5-4376-A066-2A32D752A2FF}</UniqueIdentifier>
      <Extensions>cpp;c;cc;cxx;def;odl;idl;hpj;bat;asm;asmx</Extensions>
    </Filter>
    <Filter Include="Header Files">
      <UniqueIdentifier>{93995380-89BD-4b04-88EB-625FBE52EBFB}</UniqueIdentifier>
      <Extensions>h;hh;hpp;hxx;hm;inl;inc;xsd</Extensions>
    </Filter>
    <Filter Include="Resource Files">
      <UniqueIdentifier>{67DA6AB6-F800-4c08-8B7A-83BB121AAD01}</UniqueIdentifier>
      <Extensions>rc;ico;cur;bmp;dlg;rc2;rct;bin;rgs;gif;jpg;jpeg;jpe;resx;tiff;tif;png;wav;mfcribbon-ms</Extensions>
    </Filter>
    <Filter Include="GLUT">
      <UniqueIdentifier>{09015d27-07af-4613-8929-63cca13bd5fe}</UniqueIdentifier>
    </Filter>
    <Filter Include="GLUT\bin">
      <UniqueIdentifier>{2f52ff9e-2134-4426-9a9d-6e65ce43d828}</UniqueIdentifier>
    </Filter>
    <Filter Include="GLUT\include">
      <UniqueIdentifier>{4a36a138-2943-4843-91f9-04f9ed044288}</UniqueIdentifier>
    </Filter>
    <Filter Include="GLUT\lib">
      <UniqueIdentifier>{9f4e43ff-ff2e-468d-9ffa-c43d029c5137}</UniqueIdentifier>
    </Filter>
    <Filter Include="GLUT\include\GL">
      <UniqueIdentifier>{2d4ab93d-49e2-4dd7-b078-6fa732025716}</UniqueIdentifier>
    </Filter>
    <Filter Include="SOIL">
      <UniqueIdentifier>{db03f990-13fb-4656-856f-99ff3272295d}</UniqueIdentifier>
    </Filter>
    <Filter Include="img">
      <UniqueIdentifier>{e835a127-642e-43f0-b4fb-d92ebf2d3457}</UniqueIdentifier>
    </Filter>
    <Filter Include="audio">
      <UniqueIdentifier>{36fc9266-9fce-47ee-8301-d64613eb8d41}</UniqueIdentifier>
    </Filter>
  </ItemGroup>
  <ItemGroup>
    <ClCompile Include="main.cpp">
      <Filter>Source Files</Filter>
    </ClCompile>
    <ClCompile Include="SOIL\SOIL.c">
      <Filter>SOIL</Filter>
    </ClCompile>
  </ItemGroup>
  <ItemGroup>
    <None Include="GLUT\bin\glut32.dll">
      <Filter>GLUT\bin</Filter>
    </None>
    <None Include="SOIL\SOIL.idb">
      <Filter>SOIL</Filter>
    </None>
    <None Include="SOIL\SOIL.pdb">
      <Filter>SOIL</Filter>
    </None>
  </ItemGroup>
  <ItemGroup>
    <ClInclude Include="GLUT\include\GL\glut.h">
      <Filter>GLUT\include\GL</Filter>
    </ClInclude>
    <ClInclude Include="SOIL\SOIL.h">
      <Filter>SOIL</Filter>
    </ClInclude>
    <ClInclude Include="clases.h">
      <Filter>Source Files</Filter>
    </ClInclude>
    <ClInclude Include="vars.h">
      <Filter>Source Files</Filter>
    </ClInclude>
  </ItemGroup>
  <ItemGroup>
    <Library Include="GLUT\lib\glut32.lib">
      <Filter>GLUT\lib</Filter>
    </Library>
    <Library Include="SOIL\SOIL.lib">
      <Filter>SOIL</Filter>
    </Library>
  </ItemGroup>
  <ItemGroup>
    <Text Include="SOIL\SOIL.log">
      <Filter>SOIL</Filter>
    </Text>
  </ItemGroup>
  <ItemGroup>
    <Image Include="img\tile_A.png">
      <Filter>img</Filter>
    </Image>
    <Image Include="img\menu.png">
      <Filter>img</Filter>
    </Image>
    <Image Include="img\bsq.png">
      <Filter>img</Filter>
    </Image>
    <Image Include="img\p3.png">
      <Filter>img</Filter>
    </Image>
    <Image Include="img\p4.png">
      <Filter>img</Filter>
    </Image>
    <Image Include="img\p1.png">
      <Filter>img</Filter>
    </Image>
    <Image Include="img\p2.png">
      <Filter>img</Filter>
    </Image>
  </ItemGroup>
  <ItemGroup>
    <Media Include="audio\bg.wav">
      <Filter>audio</Filter>
    </Media>
    <Media Include="audio\boop2.wav">
      <Filter>audio</Filter>
    </Media>
  </ItemGroup>
</Project>