// !$*UTF8*$!
{
	archiveVersion = 1;
	classes = {
	};
	objectVersion = 46;
	objects = {

/* Begin PBXGroup section */
		0EC46C6B1BE0A1E700CFB997 = {
			isa = PBXGroup;
			children = (
			);
			sourceTree = "<group>";
		};
/* End PBXGroup section */

/* Begin PBXProject section */
		0EC46C6C1BE0A1E700CFB997 /* Project object */ = {
			isa = PBXProject;
			attributes = {
				LastUpgradeCheck = 0710;
			};
			buildConfigurationList = 0EC46C6F1BE0A1E700CFB997 /* Build configuration list for PBXProject "juegoGCosx" */;
			compatibilityVersion = "Xcode 3.2";
			developmentRegion = English;
			hasScannedForEncodings = 0;
			knownRegions = (
				en,
			);
			mainGroup = 0EC46C6B1BE0A1E700CFB997;
			projectDirPath = "";
			projectRoot = "";
			targets = (
			);
		};
/* End PBXProject section */

/* Begin XCBuildConfiguration section */
		0EC46C701BE0A1E700CFB997 /* Debug */ = {
			isa = XCBuildConfiguration;
			buildSettings = {
			};
			name = Debug;
		};
		0EC46C711BE0A1E700CFB997 /* Release */ = {
			isa = XCBuildConfiguration;
			buildSettings = {
			};
			name = Release;
		};
/* End XCBuildConfiguration section */

/* Begin XCConfigurationList section */
		0EC46C6F1BE0A1E700CFB997 /* Build configuration list for PBXProject "juegoGCosx" */ = {
			isa = XCConfigurationList;
			buildConfigurations = (
				0EC46C701BE0A1E700CFB997 /* Debug */,
				0EC46C711BE0A1E700CFB997 /* Release */,
			);
			defaultConfigurationIsVisible = 0;
			defaultConfigurationName = Release;
		};
/* End XCConfigurationList section */
	};
	rootObject = 0EC46C6C1BE0A1E700CFB997 /* Project object */;
}
