// !$*UTF8*$!
{
	archiveVersion = 1;
	classes = {
	};
	objectVersion = 46;
	objects = {

/* Begin PBXBuildFile section */
		0EBDC1121BE1128500BEAB3A /* main.cpp in Sources */ = {isa = PBXBuildFile; fileRef = 0EBDC1111BE1128500BEAB3A /* main.cpp */; };
		0EBDC1191BE112C500BEAB3A /* GLUT.framework in Frameworks */ = {isa = PBXBuildFile; fileRef = 0EBDC1181BE112C500BEAB3A /* GLUT.framework */; };
		0EBDC11B1BE112D900BEAB3A /* OpenGL.framework in Frameworks */ = {isa = PBXBuildFile; fileRef = 0EBDC11A1BE112D900BEAB3A /* OpenGL.framework */; };
/* End PBXBuildFile section */

/* Begin PBXCopyFilesBuildPhase section */
		0EBDC10C1BE1128500BEAB3A /* CopyFiles */ = {
			isa = PBXCopyFilesBuildPhase;
			buildActionMask = 2147483647;
			dstPath = /usr/share/man/man1/;
			dstSubfolderSpec = 0;
			files = (
			);
			runOnlyForDeploymentPostprocessing = 1;
		};
/* End PBXCopyFilesBuildPhase section */

/* Begin PBXFileReference section */
		0EBDC10E1BE1128500BEAB3A /* juegoGCosx */ = {isa = PBXFileReference; explicitFileType = "compiled.mach-o.executable"; includeInIndex = 0; path = juegoGCosx; sourceTree = BUILT_PRODUCTS_DIR; };
		0EBDC1111BE1128500BEAB3A /* main.cpp */ = {isa = PBXFileReference; lastKnownFileType = sourcecode.cpp.cpp; path = main.cpp; sourceTree = "<group>"; };
		0EBDC1181BE112C500BEAB3A /* GLUT.framework */ = {isa = PBXFileReference; lastKnownFileType = wrapper.framework; name = GLUT.framework; path = System/Library/Frameworks/GLUT.framework; sourceTree = SDKROOT; };
		0EBDC11A1BE112D900BEAB3A /* OpenGL.framework */ = {isa = PBXFileReference; lastKnownFileType = wrapper.framework; name = OpenGL.framework; path = System/Library/Frameworks/OpenGL.framework; sourceTree = SDKROOT; };
		0EBDC11C1BE11E4A00BEAB3A /* clases.h */ = {isa = PBXFileReference; lastKnownFileType = sourcecode.c.h; path = clases.h; sourceTree = "<group>"; };
		0EBDC11D1BE121BA00BEAB3A /* vars.h */ = {isa = PBXFileReference; lastKnownFileType = sourcecode.c.h; path = vars.h; sourceTree = "<group>"; };
/* End PBXFileReference section */

/* Begin PBXFrameworksBuildPhase section */
		0EBDC10B1BE1128500BEAB3A /* Frameworks */ = {
			isa = PBXFrameworksBuildPhase;
			buildActionMask = 2147483647;
			files = (
				0EBDC11B1BE112D900BEAB3A /* OpenGL.framework in Frameworks */,
				0EBDC1191BE112C500BEAB3A /* GLUT.framework in Frameworks */,
			);
			runOnlyForDeploymentPostprocessing = 0;
		};
/* End PBXFrameworksBuildPhase section */

/* Begin PBXGroup section */
		0EBDC1051BE1128500BEAB3A = {
			isa = PBXGroup;
			children = (
				0EBDC11A1BE112D900BEAB3A /* OpenGL.framework */,
				0EBDC1181BE112C500BEAB3A /* GLUT.framework */,
				0EBDC1101BE1128500BEAB3A /* juegoGCosx */,
				0EBDC10F1BE1128500BEAB3A /* Products */,
			);
			sourceTree = "<group>";
		};
		0EBDC10F1BE1128500BEAB3A /* Products */ = {
			isa = PBXGroup;
			children = (
				0EBDC10E1BE1128500BEAB3A /* juegoGCosx */,
			);
			name = Products;
			sourceTree = "<group>";
		};
		0EBDC1101BE1128500BEAB3A /* juegoGCosx */ = {
			isa = PBXGroup;
			children = (
				0EBDC1111BE1128500BEAB3A /* main.cpp */,
				0EBDC11C1BE11E4A00BEAB3A /* clases.h */,
				0EBDC11D1BE121BA00BEAB3A /* vars.h */,
			);
			path = juegoGCosx;
			sourceTree = "<group>";
		};
/* End PBXGroup section */

/* Begin PBXNativeTarget section */
		0EBDC10D1BE1128500BEAB3A /* juegoGCosx */ = {
			isa = PBXNativeTarget;
			buildConfigurationList = 0EBDC1151BE1128500BEAB3A /* Build configuration list for PBXNativeTarget "juegoGCosx" */;
			buildPhases = (
				0EBDC10A1BE1128500BEAB3A /* Sources */,
				0EBDC10B1BE1128500BEAB3A /* Frameworks */,
				0EBDC10C1BE1128500BEAB3A /* CopyFiles */,
			);
			buildRules = (
			);
			dependencies = (
			);
			name = juegoGCosx;
			productName = juegoGCosx;
			productReference = 0EBDC10E1BE1128500BEAB3A /* juegoGCosx */;
			productType = "com.apple.product-type.tool";
		};
/* End PBXNativeTarget section */

/* Begin PBXProject section */
		0EBDC1061BE1128500BEAB3A /* Project object */ = {
			isa = PBXProject;
			attributes = {
				LastUpgradeCheck = 0710;
				ORGANIZATIONNAME = baumann;
				TargetAttributes = {
					0EBDC10D1BE1128500BEAB3A = {
						CreatedOnToolsVersion = 7.1;
					};
				};
			};
			buildConfigurationList = 0EBDC1091BE1128500BEAB3A /* Build configuration list for PBXProject "juegoGCosx" */;
			compatibilityVersion = "Xcode 3.2";
			developmentRegion = English;
			hasScannedForEncodings = 0;
			knownRegions = (
				en,
			);
			mainGroup = 0EBDC1051BE1128500BEAB3A;
			productRefGroup = 0EBDC10F1BE1128500BEAB3A /* Products */;
			projectDirPath = "";
			projectRoot = "";
			targets = (
				0EBDC10D1BE1128500BEAB3A /* juegoGCosx */,
			);
		};
/* End PBXProject section */

/* Begin PBXSourcesBuildPhase section */
		0EBDC10A1BE1128500BEAB3A /* Sources */ = {
			isa = PBXSourcesBuildPhase;
			buildActionMask = 2147483647;
			files = (
				0EBDC1121BE1128500BEAB3A /* main.cpp in Sources */,
			);
			runOnlyForDeploymentPostprocessing = 0;
		};
/* End PBXSourcesBuildPhase section */

/* Begin XCBuildConfiguration section */
		0EBDC1131BE1128500BEAB3A /* Debug */ = {
			isa = XCBuildConfiguration;
			buildSettings = {
				ALWAYS_SEARCH_USER_PATHS = NO;
				CLANG_CXX_LANGUAGE_STANDARD = "gnu++0x";
				CLANG_CXX_LIBRARY = "libc++";
				CLANG_ENABLE_MODULES = YES;
				CLANG_ENABLE_OBJC_ARC = YES;
				CLANG_WARN_BOOL_CONVERSION = YES;
				CLANG_WARN_CONSTANT_CONVERSION = YES;
				CLANG_WARN_DIRECT_OBJC_ISA_USAGE = YES_ERROR;
				CLANG_WARN_EMPTY_BODY = YES;
				CLANG_WARN_ENUM_CONVERSION = YES;
				CLANG_WARN_INT_CONVERSION = YES;
				CLANG_WARN_OBJC_ROOT_CLASS = YES_ERROR;
				CLANG_WARN_UNREACHABLE_CODE = YES;
				CLANG_WARN__DUPLICATE_METHOD_MATCH = YES;
				CODE_SIGN_IDENTITY = "-";
				COPY_PHASE_STRIP = NO;
				DEBUG_INFORMATION_FORMAT = dwarf;
				ENABLE_STRICT_OBJC_MSGSEND = YES;
				ENABLE_TESTABILITY = YES;
				GCC_C_LANGUAGE_STANDARD = gnu99;
				GCC_DYNAMIC_NO_PIC = NO;
				GCC_NO_COMMON_BLOCKS = YES;
				GCC_OPTIMIZATION_LEVEL = 0;
				GCC_PREPROCESSOR_DEFINITIONS = (
					"DEBUG=1",
					"$(inherited)",
				);
				GCC_WARN_64_TO_32_BIT_CONVERSION = YES;
				GCC_WARN_ABOUT_RETURN_TYPE = YES_ERROR;
				GCC_WARN_UNDECLARED_SELECTOR = YES;
				GCC_WARN_UNINITIALIZED_AUTOS = YES_AGGRESSIVE;
				GCC_WARN_UNUSED_FUNCTION = YES;
				GCC_WARN_UNUSED_VARIABLE = YES;
				MACOSX_DEPLOYMENT_TARGET = 10.11;
				MTL_ENABLE_DEBUG_INFO = YES;
				ONLY_ACTIVE_ARCH = YES;
				SDKROOT = macosx;
			};
			name = Debug;
		};
		0EBDC1141BE1128500BEAB3A /* Release */ = {
			isa = XCBuildConfiguration;
			buildSettings = {
				ALWAYS_SEARCH_USER_PATHS = NO;
				CLANG_CXX_LANGUAGE_STANDARD = "gnu++0x";
				CLANG_CXX_LIBRARY = "libc++";
				CLANG_ENABLE_MODULES = YES;
				CLANG_ENABLE_OBJC_ARC = YES;
				CLANG_WARN_BOOL_CONVERSION = YES;
				CLANG_WARN_CONSTANT_CONVERSION = YES;
				CLANG_WARN_DIRECT_OBJC_ISA_USAGE = YES_ERROR;
				CLANG_WARN_EMPTY_BODY = YES;
				CLANG_WARN_ENUM_CONVERSION = YES;
				CLANG_WARN_INT_CONVERSION = YES;
				CLANG_WARN_OBJC_ROOT_CLASS = YES_ERROR;
				CLANG_WARN_UNREACHABLE_CODE = YES;
				CLANG_WARN__DUPLICATE_METHOD_MATCH = YES;
				CODE_SIGN_IDENTITY = "-";
				COPY_PHASE_STRIP = NO;
				DEBUG_INFORMATION_FORMAT = "dwarf-with-dsym";
				ENABLE_NS_ASSERTIONS = NO;
				ENABLE_STRICT_OBJC_MSGSEND = YES;
				GCC_C_LANGUAGE_STANDARD = gnu99;
				GCC_NO_COMMON_BLOCKS = YES;
				GCC_WARN_64_TO_32_BIT_CONVERSION = YES;
				GCC_WARN_ABOUT_RETURN_TYPE = YES_ERROR;
				GCC_WARN_UNDECLARED_SELECTOR = YES;
				GCC_WARN_UNINITIALIZED_AUTOS = YES_AGGRESSIVE;
				GCC_WARN_UNUSED_FUNCTION = YES;
				GCC_WARN_UNUSED_VARIABLE = YES;
				MACOSX_DEPLOYMENT_TARGET = 10.11;
				MTL_ENABLE_DEBUG_INFO = NO;
				SDKROOT = macosx;
			};
			name = Release;
		};
		0EBDC1161BE1128500BEAB3A /* Debug */ = {
			isa = XCBuildConfiguration;
			buildSettings = {
				PRODUCT_NAME = "$(TARGET_NAME)";
			};
			name = Debug;
		};
		0EBDC1171BE1128500BEAB3A /* Release */ = {
			isa = XCBuildConfiguration;
			buildSettings = {
				PRODUCT_NAME = "$(TARGET_NAME)";
			};
			name = Release;
		};
/* End XCBuildConfiguration section */

/* Begin XCConfigurationList section */
		0EBDC1091BE1128500BEAB3A /* Build configuration list for PBXProject "juegoGCosx" */ = {
			isa = XCConfigurationList;
			buildConfigurations = (
				0EBDC1131BE1128500BEAB3A /* Debug */,
				0EBDC1141BE1128500BEAB3A /* Release */,
			);
			defaultConfigurationIsVisible = 0;
			defaultConfigurationName = Release;
		};
		0EBDC1151BE1128500BEAB3A /* Build configuration list for PBXNativeTarget "juegoGCosx" */ = {
			isa = XCConfigurationList;
			buildConfigurations = (
				0EBDC1161BE1128500BEAB3A /* Debug */,
				0EBDC1171BE1128500BEAB3A /* Release */,
			);
			defaultConfigurationIsVisible = 0;
		};
/* End XCConfigurationList section */
	};
	rootObject = 0EBDC1061BE1128500BEAB3A /* Project object */;
}
